
Microsoft Visual Studio Solution File, Format Version 12.00
# Visual Studio 15
VisualStudioVersion = 15.0.28307.106
MinimumVisualStudioVersion = 10.0.40219.1
Project("{FAE04EC0-301F-11D3-BF4B-00C04F79EFBC}") = "Cap9Au1", "Cap9Au1\Cap9Au1.csproj", "{F1BDC9A3-FCD7-441D-B26A-38720E7B1074}"
EndProject
Global
	GlobalSection(SolutionConfigurationPlatforms) = preSolution
		Debug|Any CPU = Debug|Any CPU
		Release|Any CPU = Release|Any CPU
	EndGlobalSection
	GlobalSection(ProjectConfigurationPlatforms) = postSolution
		{F1BDC9A3-FCD7-441D-B26A-38720E7B1074}.Debug|Any CPU.ActiveCfg = Debug|Any CPU
		{F1BDC9A3-FCD7-441D-B26A-38720E7B1074}.Debug|Any CPU.Build.0 = Debug|Any CPU
		{F1BDC9A3-FCD7-441D-B26A-38720E7B1074}.Release|Any CPU.ActiveCfg = Release|Any CPU
		{F1BDC9A3-FCD7-441D-B26A-38720E7B1074}.Release|Any CPU.Build.0 = Release|Any CPU
	EndGlobalSection
	GlobalSection(SolutionProperties) = preSolution
		HideSolutionNode = FALSE
	EndGlobalSection
	GlobalSection(ExtensibilityGlobals) = postSolution
		SolutionGuid = {F940C420-2A42-43E9-A9D0-4800C5418801}
	EndGlobalSection
EndGlobal
