
Microsoft Visual Studio Solution File, Format Version 12.00
# Visual Studio 15
VisualStudioVersion = 15.0.28307.106
MinimumVisualStudioVersion = 10.0.40219.1
Project("{FAE04EC0-301F-11D3-BF4B-00C04F79EFBC}") = "Cap9Ex2", "Cap9Ex2\Cap9Ex2.csproj", "{F478004A-9010-481B-8351-3E074172C991}"
EndProject
Global
	GlobalSection(SolutionConfigurationPlatforms) = preSolution
		Debug|Any CPU = Debug|Any CPU
		Release|Any CPU = Release|Any CPU
	EndGlobalSection
	GlobalSection(ProjectConfigurationPlatforms) = postSolution
		{F478004A-9010-481B-8351-3E074172C991}.Debug|Any CPU.ActiveCfg = Debug|Any CPU
		{F478004A-9010-481B-8351-3E074172C991}.Debug|Any CPU.Build.0 = Debug|Any CPU
		{F478004A-9010-481B-8351-3E074172C991}.Release|Any CPU.ActiveCfg = Release|Any CPU
		{F478004A-9010-481B-8351-3E074172C991}.Release|Any CPU.Build.0 = Release|Any CPU
	EndGlobalSection
	GlobalSection(SolutionProperties) = preSolution
		HideSolutionNode = FALSE
	EndGlobalSection
	GlobalSection(ExtensibilityGlobals) = postSolution
		SolutionGuid = {90D28433-A9E3-4E8D-A9BE-B6BEB454575C}
	EndGlobalSection
EndGlobal
