
Microsoft Visual Studio Solution File, Format Version 12.00
# Visual Studio 15
VisualStudioVersion = 15.0.28307.106
MinimumVisualStudioVersion = 10.0.40219.1
Project("{FAE04EC0-301F-11D3-BF4B-00C04F79EFBC}") = "Cap9Ex4", "Cap9Ex4\Cap9Ex4.csproj", "{CF3A961D-7BFB-4E2C-A39D-8056F229200C}"
EndProject
Global
	GlobalSection(SolutionConfigurationPlatforms) = preSolution
		Debug|Any CPU = Debug|Any CPU
		Release|Any CPU = Release|Any CPU
	EndGlobalSection
	GlobalSection(ProjectConfigurationPlatforms) = postSolution
		{CF3A961D-7BFB-4E2C-A39D-8056F229200C}.Debug|Any CPU.ActiveCfg = Debug|Any CPU
		{CF3A961D-7BFB-4E2C-A39D-8056F229200C}.Debug|Any CPU.Build.0 = Debug|Any CPU
		{CF3A961D-7BFB-4E2C-A39D-8056F229200C}.Release|Any CPU.ActiveCfg = Release|Any CPU
		{CF3A961D-7BFB-4E2C-A39D-8056F229200C}.Release|Any CPU.Build.0 = Release|Any CPU
	EndGlobalSection
	GlobalSection(SolutionProperties) = preSolution
		HideSolutionNode = FALSE
	EndGlobalSection
	GlobalSection(ExtensibilityGlobals) = postSolution
		SolutionGuid = {F85CA5DA-38F9-4A47-B535-195DE014CF6B}
	EndGlobalSection
EndGlobal
